
Microsoft Visual Studio Solution File, Format Version 12.00
# Visual Studio Version 16
VisualStudioVersion = 16.0.31112.23
MinimumVisualStudioVersion = 10.0.40219.1
Project("{FAE04EC0-301F-11D3-BF4B-00C04F79EFBC}") = "Licenta", "Licenta\Licenta.csproj", "{9EB7962B-B4FF-4F7E-9247-BDF2DCD1D2EB}"
EndProject
Global
	GlobalSection(SolutionConfigurationPlatforms) = preSolution
		Debug|Any CPU = Debug|Any CPU
		Release|Any CPU = Release|Any CPU
		Testing|Any CPU = Testing|Any CPU
	EndGlobalSection
	GlobalSection(ProjectConfigurationPlatforms) = postSolution
		{9EB7962B-B4FF-4F7E-9247-BDF2DCD1D2EB}.Debug|Any CPU.ActiveCfg = Debug|Any CPU
		{9EB7962B-B4FF-4F7E-9247-BDF2DCD1D2EB}.Debug|Any CPU.Build.0 = Debug|Any CPU
		{9EB7962B-B4FF-4F7E-9247-BDF2DCD1D2EB}.Release|Any CPU.ActiveCfg = Release|Any CPU
		{9EB7962B-B4FF-4F7E-9247-BDF2DCD1D2EB}.Release|Any CPU.Build.0 = Release|Any CPU
		{9EB7962B-B4FF-4F7E-9247-BDF2DCD1D2EB}.Testing|Any CPU.ActiveCfg = Testing|Any CPU
		{9EB7962B-B4FF-4F7E-9247-BDF2DCD1D2EB}.Testing|Any CPU.Build.0 = Testing|Any CPU
	EndGlobalSection
	GlobalSection(SolutionProperties) = preSolution
		HideSolutionNode = FALSE
	EndGlobalSection
	GlobalSection(ExtensibilityGlobals) = postSolution
		SolutionGuid = {37369433-082C-4B22-8205-1526EEEC51E3}
	EndGlobalSection
EndGlobal
